
Microsoft Visual Studio Solution File, Format Version 12.00
# Visual Studio Version 17
VisualStudioVersion = 17.10.35122.118
MinimumVisualStudioVersion = 10.0.40219.1
Project("{FAE04EC0-301F-11D3-BF4B-00C04F79EFBC}") = "Tank", "Tank\Tank.csproj", "{9340D40B-4E0E-479C-AB14-CA81AD496A5A}"
EndProject
Global
	GlobalSection(SolutionConfigurationPlatforms) = preSolution
		Debug|Any CPU = Debug|Any CPU
		Release|Any CPU = Release|Any CPU
	EndGlobalSection
	GlobalSection(ProjectConfigurationPlatforms) = postSolution
		{9340D40B-4E0E-479C-AB14-CA81AD496A5A}.Debug|Any CPU.ActiveCfg = Debug|Any CPU
		{9340D40B-4E0E-479C-AB14-CA81AD496A5A}.Debug|Any CPU.Build.0 = Debug|Any CPU
		{9340D40B-4E0E-479C-AB14-CA81AD496A5A}.Release|Any CPU.ActiveCfg = Release|Any CPU
		{9340D40B-4E0E-479C-AB14-CA81AD496A5A}.Release|Any CPU.Build.0 = Release|Any CPU
	EndGlobalSection
	GlobalSection(SolutionProperties) = preSolution
		HideSolutionNode = FALSE
	EndGlobalSection
	GlobalSection(ExtensibilityGlobals) = postSolution
		SolutionGuid = {C8DCA2E6-F1F3-46E4-B5A2-CC66FDC725CB}
	EndGlobalSection
EndGlobal
